// !$*UTF8*$!
{
	archiveVersion = 1;
	classes = {
	};
	objectVersion = 56;
	objects = {

/* Begin PBXBuildFile section */
		0F3384F928E59E0A006F357E /* InstafilterApp.swift in Sources */ = {isa = PBXBuildFile; fileRef = 0F3384F828E59E0A006F357E /* InstafilterApp.swift */; };
		0F3384FB28E59E0A006F357E /* ContentView.swift in Sources */ = {isa = PBXBuildFile; fileRef = 0F3384FA28E59E0A006F357E /* ContentView.swift */; };
		0F3384FD28E59E1D006F357E /* Assets.xcassets in Resources */ = {isa = PBXBuildFile; fileRef = 0F3384FC28E59E1D006F357E /* Assets.xcassets */; };
		0F33850028E59E1D006F357E /* Preview Assets.xcassets in Resources */ = {isa = PBXBuildFile; fileRef = 0F3384FF28E59E1D006F357E /* Preview Assets.xcassets */; };
		0F33850A28E59E1F006F357E /* InstafilterTests.swift in Sources */ = {isa = PBXBuildFile; fileRef = 0F33850928E59E1F006F357E /* InstafilterTests.swift */; };
		0F33851428E59E1F006F357E /* InstafilterUITests.swift in Sources */ = {isa = PBXBuildFile; fileRef = 0F33851328E59E1F006F357E /* InstafilterUITests.swift */; };
		0F33851628E59E1F006F357E /* InstafilterUITestsLaunchTests.swift in Sources */ = {isa = PBXBuildFile; fileRef = 0F33851528E59E1F006F357E /* InstafilterUITestsLaunchTests.swift */; };
		0F33852328E59E94006F357E /* ImageSaver.swift in Sources */ = {isa = PBXBuildFile; fileRef = 0F33852228E59E94006F357E /* ImageSaver.swift */; };
		0F33852528E59F5E006F357E /* ImagePicker.swift in Sources */ = {isa = PBXBuildFile; fileRef = 0F33852428E59F5E006F357E /* ImagePicker.swift */; };
/* End PBXBuildFile section */

/* Begin PBXContainerItemProxy section */
		0F33850628E59E1F006F357E /* PBXContainerItemProxy */ = {
			isa = PBXContainerItemProxy;
			containerPortal = 0F3384ED28E59E09006F357E /* Project object */;
			proxyType = 1;
			remoteGlobalIDString = 0F3384F428E59E0A006F357E;
			remoteInfo = Instafilter;
		};
		0F33851028E59E1F006F357E /* PBXContainerItemProxy */ = {
			isa = PBXContainerItemProxy;
			containerPortal = 0F3384ED28E59E09006F357E /* Project object */;
			proxyType = 1;
			remoteGlobalIDString = 0F3384F428E59E0A006F357E;
			remoteInfo = Instafilter;
		};
/* End PBXContainerItemProxy section */

/* Begin PBXFileReference section */
		0F3384F528E59E0A006F357E /* Instafilter.app */ = {isa = PBXFileReference; explicitFileType = wrapper.application; includeInIndex = 0; path = Instafilter.app; sourceTree = BUILT_PRODUCTS_DIR; };
		0F3384F828E59E0A006F357E /* InstafilterApp.swift */ = {isa = PBXFileReference; lastKnownFileType = sourcecode.swift; path = InstafilterApp.swift; sourceTree = "<group>"; };
		0F3384FA28E59E0A006F357E /* ContentView.swift */ = {isa = PBXFileReference; lastKnownFileType = sourcecode.swift; path = ContentView.swift; sourceTree = "<group>"; };
		0F3384FC28E59E1D006F357E /* Assets.xcassets */ = {isa = PBXFileReference; lastKnownFileType = folder.assetcatalog; path = Assets.xcassets; sourceTree = "<group>"; };
		0F3384FF28E59E1D006F357E /* Preview Assets.xcassets */ = {isa = PBXFileReference; lastKnownFileType = folder.assetcatalog; path = "Preview Assets.xcassets"; sourceTree = "<group>"; };
		0F33850528E59E1F006F357E /* InstafilterTests.xctest */ = {isa = PBXFileReference; explicitFileType = wrapper.cfbundle; includeInIndex = 0; path = InstafilterTests.xctest; sourceTree = BUILT_PRODUCTS_DIR; };
		0F33850928E59E1F006F357E /* InstafilterTests.swift */ = {isa = PBXFileReference; lastKnownFileType = sourcecode.swift; path = InstafilterTests.swift; sourceTree = "<group>"; };
		0F33850F28E59E1F006F357E /* InstafilterUITests.xctest */ = {isa = PBXFileReference; explicitFileType = wrapper.cfbundle; includeInIndex = 0; path = InstafilterUITests.xctest; sourceTree = BUILT_PRODUCTS_DIR; };
		0F33851328E59E1F006F357E /* InstafilterUITests.swift */ = {isa = PBXFileReference; lastKnownFileType = sourcecode.swift; path = InstafilterUITests.swift; sourceTree = "<group>"; };
		0F33851528E59E1F006F357E /* InstafilterUITestsLaunchTests.swift */ = {isa = PBXFileReference; lastKnownFileType = sourcecode.swift; path = InstafilterUITestsLaunchTests.swift; sourceTree = "<group>"; };
		0F33852228E59E94006F357E /* ImageSaver.swift */ = {isa = PBXFileReference; lastKnownFileType = sourcecode.swift; path = ImageSaver.swift; sourceTree = "<group>"; };
		0F33852428E59F5E006F357E /* ImagePicker.swift */ = {isa = PBXFileReference; lastKnownFileType = sourcecode.swift; path = ImagePicker.swift; sourceTree = "<group>"; };
/* End PBXFileReference section */

/* Begin PBXFrameworksBuildPhase section */
		0F3384F228E59E0A006F357E /* Frameworks */ = {
			isa = PBXFrameworksBuildPhase;
			buildActionMask = 2147483647;
			files = (
			);
			runOnlyForDeploymentPostprocessing = 0;
		};
		0F33850228E59E1F006F357E /* Frameworks */ = {
			isa = PBXFrameworksBuildPhase;
			buildActionMask = 2147483647;
			files = (
			);
			runOnlyForDeploymentPostprocessing = 0;
		};
		0F33850C28E59E1F006F357E /* Frameworks */ = {
			isa = PBXFrameworksBuildPhase;
			buildActionMask = 2147483647;
			files = (
			);
			runOnlyForDeploymentPostprocessing = 0;
		};
/* End PBXFrameworksBuildPhase section */

/* Begin PBXGroup section */
		0F3384EC28E59E09006F357E = {
			isa = PBXGroup;
			children = (
				0F3384F728E59E0A006F357E /* Instafilter */,
				0F33850828E59E1F006F357E /* InstafilterTests */,
				0F33851228E59E1F006F357E /* InstafilterUITests */,
				0F3384F628E59E0A006F357E /* Products */,
			);
			sourceTree = "<group>";
		};
		0F3384F628E59E0A006F357E /* Products */ = {
			isa = PBXGroup;
			children = (
				0F3384F528E59E0A006F357E /* Instafilter.app */,
				0F33850528E59E1F006F357E /* InstafilterTests.xctest */,
				0F33850F28E59E1F006F357E /* InstafilterUITests.xctest */,
			);
			name = Products;
			sourceTree = "<group>";
		};
		0F3384F728E59E0A006F357E /* Instafilter */ = {
			isa = PBXGroup;
			children = (
				0F3384F828E59E0A006F357E /* InstafilterApp.swift */,
				0F3384FA28E59E0A006F357E /* ContentView.swift */,
				0F3384FC28E59E1D006F357E /* Assets.xcassets */,
				0F33852228E59E94006F357E /* ImageSaver.swift */,
				0F33852428E59F5E006F357E /* ImagePicker.swift */,
				0F3384FE28E59E1D006F357E /* Preview Content */,
			);
			path = Instafilter;
			sourceTree = "<group>";
		};
		0F3384FE28E59E1D006F357E /* Preview Content */ = {
			isa = PBXGroup;
			children = (
				0F3384FF28E59E1D006F357E /* Preview Assets.xcassets */,
			);
			path = "Preview Content";
			sourceTree = "<group>";
		};
		0F33850828E59E1F006F357E /* InstafilterTests */ = {
			isa = PBXGroup;
			children = (
				0F33850928E59E1F006F357E /* InstafilterTests.swift */,
			);
			path = InstafilterTests;
			sourceTree = "<group>";
		};
		0F33851228E59E1F006F357E /* InstafilterUITests */ = {
			isa = PBXGroup;
			children = (
				0F33851328E59E1F006F357E /* InstafilterUITests.swift */,
				0F33851528E59E1F006F357E /* InstafilterUITestsLaunchTests.swift */,
			);
			path = InstafilterUITests;
			sourceTree = "<group>";
		};
/* End PBXGroup section */

/* Begin PBXNativeTarget section */
		0F3384F428E59E0A006F357E /* Instafilter */ = {
			isa = PBXNativeTarget;
			buildConfigurationList = 0F33851928E59E1F006F357E /* Build configuration list for PBXNativeTarget "Instafilter" */;
			buildPhases = (
				0F3384F128E59E0A006F357E /* Sources */,
				0F3384F228E59E0A006F357E /* Frameworks */,
				0F3384F328E59E0A006F357E /* Resources */,
			);
			buildRules = (
			);
			dependencies = (
			);
			name = Instafilter;
			productName = Instafilter;
			productReference = 0F3384F528E59E0A006F357E /* Instafilter.app */;
			productType = "com.apple.product-type.application";
		};
		0F33850428E59E1F006F357E /* InstafilterTests */ = {
			isa = PBXNativeTarget;
			buildConfigurationList = 0F33851C28E59E1F006F357E /* Build configuration list for PBXNativeTarget "InstafilterTests" */;
			buildPhases = (
				0F33850128E59E1F006F357E /* Sources */,
				0F33850228E59E1F006F357E /* Frameworks */,
				0F33850328E59E1F006F357E /* Resources */,
			);
			buildRules = (
			);
			dependencies = (
				0F33850728E59E1F006F357E /* PBXTargetDependency */,
			);
			name = InstafilterTests;
			productName = InstafilterTests;
			productReference = 0F33850528E59E1F006F357E /* InstafilterTests.xctest */;
			productType = "com.apple.product-type.bundle.unit-test";
		};
		0F33850E28E59E1F006F357E /* InstafilterUITests */ = {
			isa = PBXNativeTarget;
			buildConfigurationList = 0F33851F28E59E1F006F357E /* Build configuration list for PBXNativeTarget "InstafilterUITests" */;
			buildPhases = (
				0F33850B28E59E1F006F357E /* Sources */,
				0F33850C28E59E1F006F357E /* Frameworks */,
				0F33850D28E59E1F006F357E /* Resources */,
			);
			buildRules = (
			);
			dependencies = (
				0F33851128E59E1F006F357E /* PBXTargetDependency */,
			);
			name = InstafilterUITests;
			productName = InstafilterUITests;
			productReference = 0F33850F28E59E1F006F357E /* InstafilterUITests.xctest */;
			productType = "com.apple.product-type.bundle.ui-testing";
		};
/* End PBXNativeTarget section */

/* Begin PBXProject section */
		0F3384ED28E59E09006F357E /* Project object */ = {
			isa = PBXProject;
			attributes = {
				BuildIndependentTargetsInParallel = 1;
				LastSwiftUpdateCheck = 1400;
				LastUpgradeCheck = 1400;
				TargetAttributes = {
					0F3384F428E59E0A006F357E = {
						CreatedOnToolsVersion = 14.0;
					};
					0F33850428E59E1F006F357E = {
						CreatedOnToolsVersion = 14.0;
						TestTargetID = 0F3384F428E59E0A006F357E;
					};
					0F33850E28E59E1F006F357E = {
						CreatedOnToolsVersion = 14.0;
						TestTargetID = 0F3384F428E59E0A006F357E;
					};
				};
			};
			buildConfigurationList = 0F3384F028E59E0A006F357E /* Build configuration list for PBXProject "Instafilter" */;
			compatibilityVersion = "Xcode 14.0";
			developmentRegion = en;
			hasScannedForEncodings = 0;
			knownRegions = (
				en,
				Base,
			);
			mainGroup = 0F3384EC28E59E09006F357E;
			productRefGroup = 0F3384F628E59E0A006F357E /* Products */;
			projectDirPath = "";
			projectRoot = "";
			targets = (
				0F3384F428E59E0A006F357E /* Instafilter */,
				0F33850428E59E1F006F357E /* InstafilterTests */,
				0F33850E28E59E1F006F357E /* InstafilterUITests */,
			);
		};
/* End PBXProject section */

/* Begin PBXResourcesBuildPhase section */
		0F3384F328E59E0A006F357E /* Resources */ = {
			isa = PBXResourcesBuildPhase;
			buildActionMask = 2147483647;
			files = (
				0F33850028E59E1D006F357E /* Preview Assets.xcassets in Resources */,
				0F3384FD28E59E1D006F357E /* Assets.xcassets in Resources */,
			);
			runOnlyForDeploymentPostprocessing = 0;
		};
		0F33850328E59E1F006F357E /* Resources */ = {
			isa = PBXResourcesBuildPhase;
			buildActionMask = 2147483647;
			files = (
			);
			runOnlyForDeploymentPostprocessing = 0;
		};
		0F33850D28E59E1F006F357E /* Resources */ = {
			isa = PBXResourcesBuildPhase;
			buildActionMask = 2147483647;
			files = (
			);
			runOnlyForDeploymentPostprocessing = 0;
		};
/* End PBXResourcesBuildPhase section */

/* Begin PBXSourcesBuildPhase section */
		0F3384F128E59E0A006F357E /* Sources */ = {
			isa = PBXSourcesBuildPhase;
			buildActionMask = 2147483647;
			files = (
				0F3384FB28E59E0A006F357E /* ContentView.swift in Sources */,
				0F33852528E59F5E006F357E /* ImagePicker.swift in Sources */,
				0F33852328E59E94006F357E /* ImageSaver.swift in Sources */,
				0F3384F928E59E0A006F357E /* InstafilterApp.swift in Sources */,
			);
			runOnlyForDeploymentPostprocessing = 0;
		};
		0F33850128E59E1F006F357E /* Sources */ = {
			isa = PBXSourcesBuildPhase;
			buildActionMask = 2147483647;
			files = (
				0F33850A28E59E1F006F357E /* InstafilterTests.swift in Sources */,
			);
			runOnlyForDeploymentPostprocessing = 0;
		};
		0F33850B28E59E1F006F357E /* Sources */ = {
			isa = PBXSourcesBuildPhase;
			buildActionMask = 2147483647;
			files = (
				0F33851628E59E1F006F357E /* InstafilterUITestsLaunchTests.swift in Sources */,
				0F33851428E59E1F006F357E /* InstafilterUITests.swift in Sources */,
			);
			runOnlyForDeploymentPostprocessing = 0;
		};
/* End PBXSourcesBuildPhase section */

/* Begin PBXTargetDependency section */
		0F33850728E59E1F006F357E /* PBXTargetDependency */ = {
			isa = PBXTargetDependency;
			target = 0F3384F428E59E0A006F357E /* Instafilter */;
			targetProxy = 0F33850628E59E1F006F357E /* PBXContainerItemProxy */;
		};
		0F33851128E59E1F006F357E /* PBXTargetDependency */ = {
			isa = PBXTargetDependency;
			target = 0F3384F428E59E0A006F357E /* Instafilter */;
			targetProxy = 0F33851028E59E1F006F357E /* PBXContainerItemProxy */;
		};
/* End PBXTargetDependency section */

/* Begin XCBuildConfiguration section */
		0F33851728E59E1F006F357E /* Debug */ = {
			isa = XCBuildConfiguration;
			buildSettings = {
				ALWAYS_SEARCH_USER_PATHS = NO;
				CLANG_ANALYZER_NONNULL = YES;
				CLANG_ANALYZER_NUMBER_OBJECT_CONVERSION = YES_AGGRESSIVE;
				CLANG_CXX_LANGUAGE_STANDARD = "gnu++20";
				CLANG_ENABLE_MODULES = YES;
				CLANG_ENABLE_OBJC_ARC = YES;
				CLANG_ENABLE_OBJC_WEAK = YES;
				CLANG_WARN_BLOCK_CAPTURE_AUTORELEASING = YES;
				CLANG_WARN_BOOL_CONVERSION = YES;
				CLANG_WARN_COMMA = YES;
				CLANG_WARN_CONSTANT_CONVERSION = YES;
				CLANG_WARN_DEPRECATED_OBJC_IMPLEMENTATIONS = YES;
				CLANG_WARN_DIRECT_OBJC_ISA_USAGE = YES_ERROR;
				CLANG_WARN_DOCUMENTATION_COMMENTS = YES;
				CLANG_WARN_EMPTY_BODY = YES;
				CLANG_WARN_ENUM_CONVERSION = YES;
				CLANG_WARN_INFINITE_RECURSION = YES;
				CLANG_WARN_INT_CONVERSION = YES;
				CLANG_WARN_NON_LITERAL_NULL_CONVERSION = YES;
				CLANG_WARN_OBJC_IMPLICIT_RETAIN_SELF = YES;
				CLANG_WARN_OBJC_LITERAL_CONVERSION = YES;
				CLANG_WARN_OBJC_ROOT_CLASS = YES_ERROR;
				CLANG_WARN_QUOTED_INCLUDE_IN_FRAMEWORK_HEADER = YES;
				CLANG_WARN_RANGE_LOOP_ANALYSIS = YES;
				CLANG_WARN_STRICT_PROTOTYPES = YES;
				CLANG_WARN_SUSPICIOUS_MOVE = YES;
				CLANG_WARN_UNGUARDED_AVAILABILITY = YES_AGGRESSIVE;
				CLANG_WARN_UNREACHABLE_CODE = YES;
				CLANG_WARN__DUPLICATE_METHOD_MATCH = YES;
				COPY_PHASE_STRIP = NO;
				DEBUG_INFORMATION_FORMAT = dwarf;
				ENABLE_STRICT_OBJC_MSGSEND = YES;
				ENABLE_TESTABILITY = YES;
				GCC_C_LANGUAGE_STANDARD = gnu11;
				GCC_DYNAMIC_NO_PIC = NO;
				GCC_NO_COMMON_BLOCKS = YES;
				GCC_OPTIMIZATION_LEVEL = 0;
				GCC_PREPROCESSOR_DEFINITIONS = (
					"DEBUG=1",
					"$(inherited)",
				);
				GCC_WARN_64_TO_32_BIT_CONVERSION = YES;
				GCC_WARN_ABOUT_RETURN_TYPE = YES_ERROR;
				GCC_WARN_UNDECLARED_SELECTOR = YES;
				GCC_WARN_UNINITIALIZED_AUTOS = YES_AGGRESSIVE;
				GCC_WARN_UNUSED_FUNCTION = YES;
				GCC_WARN_UNUSED_VARIABLE = YES;
				IPHONEOS_DEPLOYMENT_TARGET = 16.0;
				MTL_ENABLE_DEBUG_INFO = INCLUDE_SOURCE;
				MTL_FAST_MATH = YES;
				ONLY_ACTIVE_ARCH = YES;
				SDKROOT = iphoneos;
				SWIFT_ACTIVE_COMPILATION_CONDITIONS = DEBUG;
				SWIFT_OPTIMIZATION_LEVEL = "-Onone";
			};
			name = Debug;
		};
		0F33851828E59E1F006F357E /* Release */ = {
			isa = XCBuildConfiguration;
			buildSettings = {
				ALWAYS_SEARCH_USER_PATHS = NO;
				CLANG_ANALYZER_NONNULL = YES;
				CLANG_ANALYZER_NUMBER_OBJECT_CONVERSION = YES_AGGRESSIVE;
				CLANG_CXX_LANGUAGE_STANDARD = "gnu++20";
				CLANG_ENABLE_MODULES = YES;
				CLANG_ENABLE_OBJC_ARC = YES;
				CLANG_ENABLE_OBJC_WEAK = YES;
				CLANG_WARN_BLOCK_CAPTURE_AUTORELEASING = YES;
				CLANG_WARN_BOOL_CONVERSION = YES;
				CLANG_WARN_COMMA = YES;
				CLANG_WARN_CONSTANT_CONVERSION = YES;
				CLANG_WARN_DEPRECATED_OBJC_IMPLEMENTATIONS = YES;
				CLANG_WARN_DIRECT_OBJC_ISA_USAGE = YES_ERROR;
				CLANG_WARN_DOCUMENTATION_COMMENTS = YES;
				CLANG_WARN_EMPTY_BODY = YES;
				CLANG_WARN_ENUM_CONVERSION = YES;
				CLANG_WARN_INFINITE_RECURSION = YES;
				CLANG_WARN_INT_CONVERSION = YES;
				CLANG_WARN_NON_LITERAL_NULL_CONVERSION = YES;
				CLANG_WARN_OBJC_IMPLICIT_RETAIN_SELF = YES;
				CLANG_WARN_OBJC_LITERAL_CONVERSION = YES;
				CLANG_WARN_OBJC_ROOT_CLASS = YES_ERROR;
				CLANG_WARN_QUOTED_INCLUDE_IN_FRAMEWORK_HEADER = YES;
				CLANG_WARN_RANGE_LOOP_ANALYSIS = YES;
				CLANG_WARN_STRICT_PROTOTYPES = YES;
				CLANG_WARN_SUSPICIOUS_MOVE = YES;
				CLANG_WARN_UNGUARDED_AVAILABILITY = YES_AGGRESSIVE;
				CLANG_WARN_UNREACHABLE_CODE = YES;
				CLANG_WARN__DUPLICATE_METHOD_MATCH = YES;
				COPY_PHASE_STRIP = NO;
				DEBUG_INFORMATION_FORMAT = "dwarf-with-dsym";
				ENABLE_NS_ASSERTIONS = NO;
				ENABLE_STRICT_OBJC_MSGSEND = YES;
				GCC_C_LANGUAGE_STANDARD = gnu11;
				GCC_NO_COMMON_BLOCKS = YES;
				GCC_WARN_64_TO_32_BIT_CONVERSION = YES;
				GCC_WARN_ABOUT_RETURN_TYPE = YES_ERROR;
				GCC_WARN_UNDECLARED_SELECTOR = YES;
				GCC_WARN_UNINITIALIZED_AUTOS = YES_AGGRESSIVE;
				GCC_WARN_UNUSED_FUNCTION = YES;
				GCC_WARN_UNUSED_VARIABLE = YES;
				IPHONEOS_DEPLOYMENT_TARGET = 16.0;
				MTL_ENABLE_DEBUG_INFO = NO;
				MTL_FAST_MATH = YES;
				SDKROOT = iphoneos;
				SWIFT_COMPILATION_MODE = wholemodule;
				SWIFT_OPTIMIZATION_LEVEL = "-O";
				VALIDATE_PRODUCT = YES;
			};
			name = Release;
		};
		0F33851A28E59E1F006F357E /* Debug */ = {
			isa = XCBuildConfiguration;
			buildSettings = {
				ASSETCATALOG_COMPILER_APPICON_NAME = AppIcon;
				ASSETCATALOG_COMPILER_GLOBAL_ACCENT_COLOR_NAME = AccentColor;
				CODE_SIGN_STYLE = Automatic;
				CURRENT_PROJECT_VERSION = 1;
				DEVELOPMENT_ASSET_PATHS = "\"Instafilter/Preview Content\"";
				DEVELOPMENT_TEAM = UMLAGLZ8L9;
				ENABLE_PREVIEWS = YES;
				GENERATE_INFOPLIST_FILE = YES;
				INFOPLIST_KEY_NSPhotoLibraryAddUsageDescription = "We want to save the filtered photo to your photo library.";
				INFOPLIST_KEY_UIApplicationSceneManifest_Generation = YES;
				INFOPLIST_KEY_UIApplicationSupportsIndirectInputEvents = YES;
				INFOPLIST_KEY_UILaunchScreen_Generation = YES;
				INFOPLIST_KEY_UISupportedInterfaceOrientations_iPad = "UIInterfaceOrientationPortrait UIInterfaceOrientationPortraitUpsideDown UIInterfaceOrientationLandscapeLeft UIInterfaceOrientationLandscapeRight";
				INFOPLIST_KEY_UISupportedInterfaceOrientations_iPhone = "UIInterfaceOrientationPortrait UIInterfaceOrientationLandscapeLeft UIInterfaceOrientationLandscapeRight";
				LD_RUNPATH_SEARCH_PATHS = (
					"$(inherited)",
					"@executable_path/Frameworks",
				);
				MARKETING_VERSION = 1.0;
				PRODUCT_BUNDLE_IDENTIFIER = com.morvai.Instafilter;
				PRODUCT_NAME = "$(TARGET_NAME)";
				SWIFT_EMIT_LOC_STRINGS = YES;
				SWIFT_VERSION = 5.0;
				TARGETED_DEVICE_FAMILY = "1,2";
			};
			name = Debug;
		};
		0F33851B28E59E1F006F357E /* Release */ = {
			isa = XCBuildConfiguration;
			buildSettings = {
				ASSETCATALOG_COMPILER_APPICON_NAME = AppIcon;
				ASSETCATALOG_COMPILER_GLOBAL_ACCENT_COLOR_NAME = AccentColor;
				CODE_SIGN_STYLE = Automatic;
				CURRENT_PROJECT_VERSION = 1;
				DEVELOPMENT_ASSET_PATHS = "\"Instafilter/Preview Content\"";
				DEVELOPMENT_TEAM = UMLAGLZ8L9;
				ENABLE_PREVIEWS = YES;
				GENERATE_INFOPLIST_FILE = YES;
				INFOPLIST_KEY_NSPhotoLibraryAddUsageDescription = "We want to save the filtered photo to your photo library.";
				INFOPLIST_KEY_UIApplicationSceneManifest_Generation = YES;
				INFOPLIST_KEY_UIApplicationSupportsIndirectInputEvents = YES;
				INFOPLIST_KEY_UILaunchScreen_Generation = YES;
				INFOPLIST_KEY_UISupportedInterfaceOrientations_iPad = "UIInterfaceOrientationPortrait UIInterfaceOrientationPortraitUpsideDown UIInterfaceOrientationLandscapeLeft UIInterfaceOrientationLandscapeRight";
				INFOPLIST_KEY_UISupportedInterfaceOrientations_iPhone = "UIInterfaceOrientationPortrait UIInterfaceOrientationLandscapeLeft UIInterfaceOrientationLandscapeRight";
				LD_RUNPATH_SEARCH_PATHS = (
					"$(inherited)",
					"@executable_path/Frameworks",
				);
				MARKETING_VERSION = 1.0;
				PRODUCT_BUNDLE_IDENTIFIER = com.morvai.Instafilter;
				PRODUCT_NAME = "$(TARGET_NAME)";
				SWIFT_EMIT_LOC_STRINGS = YES;
				SWIFT_VERSION = 5.0;
				TARGETED_DEVICE_FAMILY = "1,2";
			};
			name = Release;
		};
		0F33851D28E59E1F006F357E /* Debug */ = {
			isa = XCBuildConfiguration;
			buildSettings = {
				ALWAYS_EMBED_SWIFT_STANDARD_LIBRARIES = YES;
				BUNDLE_LOADER = "$(TEST_HOST)";
				CODE_SIGN_STYLE = Automatic;
				CURRENT_PROJECT_VERSION = 1;
				DEVELOPMENT_TEAM = UMLAGLZ8L9;
				GENERATE_INFOPLIST_FILE = YES;
				IPHONEOS_DEPLOYMENT_TARGET = 16.0;
				MARKETING_VERSION = 1.0;
				PRODUCT_BUNDLE_IDENTIFIER = com.morvai.InstafilterTests;
				PRODUCT_NAME = "$(TARGET_NAME)";
				SWIFT_EMIT_LOC_STRINGS = NO;
				SWIFT_VERSION = 5.0;
				TARGETED_DEVICE_FAMILY = "1,2";
				TEST_HOST = "$(BUILT_PRODUCTS_DIR)/Instafilter.app/$(BUNDLE_EXECUTABLE_FOLDER_PATH)/Instafilter";
			};
			name = Debug;
		};
		0F33851E28E59E1F006F357E /* Release */ = {
			isa = XCBuildConfiguration;
			buildSettings = {
				ALWAYS_EMBED_SWIFT_STANDARD_LIBRARIES = YES;
				BUNDLE_LOADER = "$(TEST_HOST)";
				CODE_SIGN_STYLE = Automatic;
				CURRENT_PROJECT_VERSION = 1;
				DEVELOPMENT_TEAM = UMLAGLZ8L9;
				GENERATE_INFOPLIST_FILE = YES;
				IPHONEOS_DEPLOYMENT_TARGET = 16.0;
				MARKETING_VERSION = 1.0;
				PRODUCT_BUNDLE_IDENTIFIER = com.morvai.InstafilterTests;
				PRODUCT_NAME = "$(TARGET_NAME)";
				SWIFT_EMIT_LOC_STRINGS = NO;
				SWIFT_VERSION = 5.0;
				TARGETED_DEVICE_FAMILY = "1,2";
				TEST_HOST = "$(BUILT_PRODUCTS_DIR)/Instafilter.app/$(BUNDLE_EXECUTABLE_FOLDER_PATH)/Instafilter";
			};
			name = Release;
		};
		0F33852028E59E1F006F357E /* Debug */ = {
			isa = XCBuildConfiguration;
			buildSettings = {
				ALWAYS_EMBED_SWIFT_STANDARD_LIBRARIES = YES;
				CODE_SIGN_STYLE = Automatic;
				CURRENT_PROJECT_VERSION = 1;
				DEVELOPMENT_TEAM = UMLAGLZ8L9;
				GENERATE_INFOPLIST_FILE = YES;
				MARKETING_VERSION = 1.0;
				PRODUCT_BUNDLE_IDENTIFIER = com.morvai.InstafilterUITests;
				PRODUCT_NAME = "$(TARGET_NAME)";
				SWIFT_EMIT_LOC_STRINGS = NO;
				SWIFT_VERSION = 5.0;
				TARGETED_DEVICE_FAMILY = "1,2";
				TEST_TARGET_NAME = Instafilter;
			};
			name = Debug;
		};
		0F33852128E59E1F006F357E /* Release */ = {
			isa = XCBuildConfiguration;
			buildSettings = {
				ALWAYS_EMBED_SWIFT_STANDARD_LIBRARIES = YES;
				CODE_SIGN_STYLE = Automatic;
				CURRENT_PROJECT_VERSION = 1;
				DEVELOPMENT_TEAM = UMLAGLZ8L9;
				GENERATE_INFOPLIST_FILE = YES;
				MARKETING_VERSION = 1.0;
				PRODUCT_BUNDLE_IDENTIFIER = com.morvai.InstafilterUITests;
				PRODUCT_NAME = "$(TARGET_NAME)";
				SWIFT_EMIT_LOC_STRINGS = NO;
				SWIFT_VERSION = 5.0;
				TARGETED_DEVICE_FAMILY = "1,2";
				TEST_TARGET_NAME = Instafilter;
			};
			name = Release;
		};
/* End XCBuildConfiguration section */

/* Begin XCConfigurationList section */
		0F3384F028E59E0A006F357E /* Build configuration list for PBXProject "Instafilter" */ = {
			isa = XCConfigurationList;
			buildConfigurations = (
				0F33851728E59E1F006F357E /* Debug */,
				0F33851828E59E1F006F357E /* Release */,
			);
			defaultConfigurationIsVisible = 0;
			defaultConfigurationName = Release;
		};
		0F33851928E59E1F006F357E /* Build configuration list for PBXNativeTarget "Instafilter" */ = {
			isa = XCConfigurationList;
			buildConfigurations = (
				0F33851A28E59E1F006F357E /* Debug */,
				0F33851B28E59E1F006F357E /* Release */,
			);
			defaultConfigurationIsVisible = 0;
			defaultConfigurationName = Release;
		};
		0F33851C28E59E1F006F357E /* Build configuration list for PBXNativeTarget "InstafilterTests" */ = {
			isa = XCConfigurationList;
			buildConfigurations = (
				0F33851D28E59E1F006F357E /* Debug */,
				0F33851E28E59E1F006F357E /* Release */,
			);
			defaultConfigurationIsVisible = 0;
			defaultConfigurationName = Release;
		};
		0F33851F28E59E1F006F357E /* Build configuration list for PBXNativeTarget "InstafilterUITests" */ = {
			isa = XCConfigurationList;
			buildConfigurations = (
				0F33852028E59E1F006F357E /* Debug */,
				0F33852128E59E1F006F357E /* Release */,
			);
			defaultConfigurationIsVisible = 0;
			defaultConfigurationName = Release;
		};
/* End XCConfigurationList section */
	};
	rootObject = 0F3384ED28E59E09006F357E /* Project object */;
}
